
Microsoft Visual Studio Solution File, Format Version 12.00
# Visual Studio 2012
Project("{FAE04EC0-301F-11D3-BF4B-00C04F79EFBC}") = "CodeContracts", "CodeContracts\CodeContracts.csproj", "{C235C783-6404-4F11-974F-CDD55645BE74}"
EndProject
Global
	GlobalSection(SolutionConfigurationPlatforms) = preSolution
		Debug|Any CPU = Debug|Any CPU
		Release|Any CPU = Release|Any CPU
	EndGlobalSection
	GlobalSection(ProjectConfigurationPlatforms) = postSolution
		{C235C783-6404-4F11-974F-CDD55645BE74}.Debug|Any CPU.ActiveCfg = Debug|Any CPU
		{C235C783-6404-4F11-974F-CDD55645BE74}.Debug|Any CPU.Build.0 = Debug|Any CPU
		{C235C783-6404-4F11-974F-CDD55645BE74}.Release|Any CPU.ActiveCfg = Release|Any CPU
		{C235C783-6404-4F11-974F-CDD55645BE74}.Release|Any CPU.Build.0 = Release|Any CPU
	EndGlobalSection
	GlobalSection(SolutionProperties) = preSolution
		HideSolutionNode = FALSE
	EndGlobalSection
EndGlobal
